
Microsoft Visual Studio Solution File, Format Version 12.00
# Visual Studio Version 17
VisualStudioVersion = 17.10.34928.147
MinimumVisualStudioVersion = 10.0.40219.1
Project("{9A19103F-16F7-4668-BE54-9A1E7A4F7556}") = "Bai25", "Bai25\Bai25.csproj", "{619AE7F9-38D6-4E01-BDDB-50BAB7AC20E9}"
EndProject
Project("{9A19103F-16F7-4668-BE54-9A1E7A4F7556}") = "Common", "Common\Common.csproj", "{98E094E8-CB3F-4C2C-8D5A-0FEFAC258BE2}"
EndProject
Global
	GlobalSection(SolutionConfigurationPlatforms) = preSolution
		Debug|Any CPU = Debug|Any CPU
		Release|Any CPU = Release|Any CPU
	EndGlobalSection
	GlobalSection(ProjectConfigurationPlatforms) = postSolution
		{619AE7F9-38D6-4E01-BDDB-50BAB7AC20E9}.Debug|Any CPU.ActiveCfg = Debug|Any CPU
		{619AE7F9-38D6-4E01-BDDB-50BAB7AC20E9}.Debug|Any CPU.Build.0 = Debug|Any CPU
		{619AE7F9-38D6-4E01-BDDB-50BAB7AC20E9}.Release|Any CPU.ActiveCfg = Release|Any CPU
		{619AE7F9-38D6-4E01-BDDB-50BAB7AC20E9}.Release|Any CPU.Build.0 = Release|Any CPU
		{98E094E8-CB3F-4C2C-8D5A-0FEFAC258BE2}.Debug|Any CPU.ActiveCfg = Debug|Any CPU
		{98E094E8-CB3F-4C2C-8D5A-0FEFAC258BE2}.Debug|Any CPU.Build.0 = Debug|Any CPU
		{98E094E8-CB3F-4C2C-8D5A-0FEFAC258BE2}.Release|Any CPU.ActiveCfg = Release|Any CPU
		{98E094E8-CB3F-4C2C-8D5A-0FEFAC258BE2}.Release|Any CPU.Build.0 = Release|Any CPU
	EndGlobalSection
	GlobalSection(SolutionProperties) = preSolution
		HideSolutionNode = FALSE
	EndGlobalSection
	GlobalSection(ExtensibilityGlobals) = postSolution
		SolutionGuid = {6B25F2E6-D8C3-4335-945F-D810BFF6BAF0}
	EndGlobalSection
EndGlobal
